
Microsoft Visual Studio Solution File, Format Version 12.00
# Visual Studio Version 16
VisualStudioVersion = 16.0.29728.190
MinimumVisualStudioVersion = 10.0.40219.1
Project("{2150E333-8FDC-42A3-9474-1A3956D46DE8}") = "Configuration.API.GateWay", "Configuration.API.GateWay", "{7D21903E-063E-463C-BA3F-E190EA08BC8B}"
EndProject
Project("{9A19103F-16F7-4668-BE54-9A1E7A4F7556}") = "Configuration.GateWay", "Configuration.API.GateWay\Configuration.GateWay\Configuration.GateWay.csproj", "{0CAA224E-A69F-4DE2-B44C-BD5EE7B1411E}"
EndProject
Project("{2150E333-8FDC-42A3-9474-1A3956D46DE8}") = "Data Acces", "Data Acces", "{3D10789D-A32F-47BA-BE1E-AE2CD7D9D1D5}"
EndProject
Project("{9A19103F-16F7-4668-BE54-9A1E7A4F7556}") = "SolutionCore.Api.DataAcces", "Data Acces\SolutionCore.Api.DataAcces\SolutionCore.Api.DataAcces.csproj", "{4EC1ECFB-32AF-442F-BB33-21E6DF0D3C18}"
EndProject
Project("{2150E333-8FDC-42A3-9474-1A3956D46DE8}") = "Infraestructura", "Infraestructura", "{0C54E463-9C65-4059-8C8A-0069A33C73D5}"
EndProject
Project("{2150E333-8FDC-42A3-9474-1A3956D46DE8}") = "Transport", "Transport", "{C2CFCF65-65F4-4E27-99FD-61D8C318CBC3}"
EndProject
Project("{2150E333-8FDC-42A3-9474-1A3956D46DE8}") = "Application", "Application", "{3F0DBB2D-2ABB-4437-983D-D31C9F09690E}"
EndProject
Project("{9A19103F-16F7-4668-BE54-9A1E7A4F7556}") = "SolutionCore.Application", "Application\SolutionCore.Application\SolutionCore.Application.csproj", "{EAAE891E-C1A9-44EF-BAA4-68E0FC11D1EE}"
EndProject
Project("{9A19103F-16F7-4668-BE54-9A1E7A4F7556}") = "SolutionCore.Application.Contracts", "Application\SolutionCore.Application.Contracts\SolutionCore.Application.Contracts.csproj", "{049D08EA-8D79-4BBE-AA64-CAC34159D902}"
EndProject
Project("{9A19103F-16F7-4668-BE54-9A1E7A4F7556}") = "SolutionCore.Infraestructura.Transport", "Infrastructure\Transport\SolutionCore.Infraestructura.Transport\SolutionCore.Infraestructura.Transport.csproj", "{728BBF3F-1996-4C54-ADDB-894C88AEF256}"
EndProject
Project("{9A19103F-16F7-4668-BE54-9A1E7A4F7556}") = "SolutionCore", "SolutionCore\SolutionCore.csproj", "{D527683B-943B-4E74-8462-43F4A92E18C5}"
EndProject
Global
	GlobalSection(SolutionConfigurationPlatforms) = preSolution
		Debug|Any CPU = Debug|Any CPU
		Release|Any CPU = Release|Any CPU
	EndGlobalSection
	GlobalSection(ProjectConfigurationPlatforms) = postSolution
		{0CAA224E-A69F-4DE2-B44C-BD5EE7B1411E}.Debug|Any CPU.ActiveCfg = Debug|Any CPU
		{0CAA224E-A69F-4DE2-B44C-BD5EE7B1411E}.Debug|Any CPU.Build.0 = Debug|Any CPU
		{0CAA224E-A69F-4DE2-B44C-BD5EE7B1411E}.Release|Any CPU.ActiveCfg = Release|Any CPU
		{0CAA224E-A69F-4DE2-B44C-BD5EE7B1411E}.Release|Any CPU.Build.0 = Release|Any CPU
		{4EC1ECFB-32AF-442F-BB33-21E6DF0D3C18}.Debug|Any CPU.ActiveCfg = Debug|Any CPU
		{4EC1ECFB-32AF-442F-BB33-21E6DF0D3C18}.Debug|Any CPU.Build.0 = Debug|Any CPU
		{4EC1ECFB-32AF-442F-BB33-21E6DF0D3C18}.Release|Any CPU.ActiveCfg = Release|Any CPU
		{4EC1ECFB-32AF-442F-BB33-21E6DF0D3C18}.Release|Any CPU.Build.0 = Release|Any CPU
		{EAAE891E-C1A9-44EF-BAA4-68E0FC11D1EE}.Debug|Any CPU.ActiveCfg = Debug|Any CPU
		{EAAE891E-C1A9-44EF-BAA4-68E0FC11D1EE}.Debug|Any CPU.Build.0 = Debug|Any CPU
		{EAAE891E-C1A9-44EF-BAA4-68E0FC11D1EE}.Release|Any CPU.ActiveCfg = Release|Any CPU
		{EAAE891E-C1A9-44EF-BAA4-68E0FC11D1EE}.Release|Any CPU.Build.0 = Release|Any CPU
		{049D08EA-8D79-4BBE-AA64-CAC34159D902}.Debug|Any CPU.ActiveCfg = Debug|Any CPU
		{049D08EA-8D79-4BBE-AA64-CAC34159D902}.Debug|Any CPU.Build.0 = Debug|Any CPU
		{049D08EA-8D79-4BBE-AA64-CAC34159D902}.Release|Any CPU.ActiveCfg = Release|Any CPU
		{049D08EA-8D79-4BBE-AA64-CAC34159D902}.Release|Any CPU.Build.0 = Release|Any CPU
		{728BBF3F-1996-4C54-ADDB-894C88AEF256}.Debug|Any CPU.ActiveCfg = Debug|Any CPU
		{728BBF3F-1996-4C54-ADDB-894C88AEF256}.Debug|Any CPU.Build.0 = Debug|Any CPU
		{728BBF3F-1996-4C54-ADDB-894C88AEF256}.Release|Any CPU.ActiveCfg = Release|Any CPU
		{728BBF3F-1996-4C54-ADDB-894C88AEF256}.Release|Any CPU.Build.0 = Release|Any CPU
		{D527683B-943B-4E74-8462-43F4A92E18C5}.Debug|Any CPU.ActiveCfg = Debug|Any CPU
		{D527683B-943B-4E74-8462-43F4A92E18C5}.Debug|Any CPU.Build.0 = Debug|Any CPU
		{D527683B-943B-4E74-8462-43F4A92E18C5}.Release|Any CPU.ActiveCfg = Release|Any CPU
		{D527683B-943B-4E74-8462-43F4A92E18C5}.Release|Any CPU.Build.0 = Release|Any CPU
	EndGlobalSection
	GlobalSection(SolutionProperties) = preSolution
		HideSolutionNode = FALSE
	EndGlobalSection
	GlobalSection(NestedProjects) = preSolution
		{0CAA224E-A69F-4DE2-B44C-BD5EE7B1411E} = {7D21903E-063E-463C-BA3F-E190EA08BC8B}
		{4EC1ECFB-32AF-442F-BB33-21E6DF0D3C18} = {3D10789D-A32F-47BA-BE1E-AE2CD7D9D1D5}
		{C2CFCF65-65F4-4E27-99FD-61D8C318CBC3} = {0C54E463-9C65-4059-8C8A-0069A33C73D5}
		{EAAE891E-C1A9-44EF-BAA4-68E0FC11D1EE} = {3F0DBB2D-2ABB-4437-983D-D31C9F09690E}
		{049D08EA-8D79-4BBE-AA64-CAC34159D902} = {3F0DBB2D-2ABB-4437-983D-D31C9F09690E}
		{728BBF3F-1996-4C54-ADDB-894C88AEF256} = {C2CFCF65-65F4-4E27-99FD-61D8C318CBC3}
	EndGlobalSection
	GlobalSection(ExtensibilityGlobals) = postSolution
		SolutionGuid = {AD5F27CD-9275-4962-9261-ACEDAA4FB166}
	EndGlobalSection
EndGlobal
