
Microsoft Visual Studio Solution File, Format Version 12.00
# Visual Studio Version 16
VisualStudioVersion = 16.0.29728.190
MinimumVisualStudioVersion = 10.0.40219.1
Project("{9A19103F-16F7-4668-BE54-9A1E7A4F7556}") = "SolutionCorex", "SolutionCore\SolutionCorex.csproj", "{5D87B73A-19CE-48CC-B63B-3A44A0A838F5}"
EndProject
Project("{FAE04EC0-301F-11D3-BF4B-00C04F79EFBC}") = "SolutionCore", "SolutionCore2\SolutionCore.csproj", "{5C805C37-6731-4F82-B4C8-F0F8E0F01199}"
EndProject
Project("{E53339B2-1760-4266-BCC7-CA923CBCF16C}") = "docker-compose", "docker-compose.dcproj", "{98E76B28-CE92-4F32-A2B9-45B594E9B28B}"
EndProject
Global
	GlobalSection(SolutionConfigurationPlatforms) = preSolution
		Debug|Any CPU = Debug|Any CPU
		Release|Any CPU = Release|Any CPU
	EndGlobalSection
	GlobalSection(ProjectConfigurationPlatforms) = postSolution
		{5D87B73A-19CE-48CC-B63B-3A44A0A838F5}.Debug|Any CPU.ActiveCfg = Debug|Any CPU
		{5D87B73A-19CE-48CC-B63B-3A44A0A838F5}.Debug|Any CPU.Build.0 = Debug|Any CPU
		{5D87B73A-19CE-48CC-B63B-3A44A0A838F5}.Release|Any CPU.ActiveCfg = Release|Any CPU
		{5D87B73A-19CE-48CC-B63B-3A44A0A838F5}.Release|Any CPU.Build.0 = Release|Any CPU
		{5C805C37-6731-4F82-B4C8-F0F8E0F01199}.Debug|Any CPU.ActiveCfg = Debug|Any CPU
		{5C805C37-6731-4F82-B4C8-F0F8E0F01199}.Debug|Any CPU.Build.0 = Debug|Any CPU
		{5C805C37-6731-4F82-B4C8-F0F8E0F01199}.Release|Any CPU.ActiveCfg = Release|Any CPU
		{5C805C37-6731-4F82-B4C8-F0F8E0F01199}.Release|Any CPU.Build.0 = Release|Any CPU
		{98E76B28-CE92-4F32-A2B9-45B594E9B28B}.Debug|Any CPU.ActiveCfg = Debug|Any CPU
		{98E76B28-CE92-4F32-A2B9-45B594E9B28B}.Debug|Any CPU.Build.0 = Debug|Any CPU
		{98E76B28-CE92-4F32-A2B9-45B594E9B28B}.Release|Any CPU.ActiveCfg = Release|Any CPU
		{98E76B28-CE92-4F32-A2B9-45B594E9B28B}.Release|Any CPU.Build.0 = Release|Any CPU
	EndGlobalSection
	GlobalSection(SolutionProperties) = preSolution
		HideSolutionNode = FALSE
	EndGlobalSection
	GlobalSection(ExtensibilityGlobals) = postSolution
		SolutionGuid = {AD5F27CD-9275-4962-9261-ACEDAA4FB166}
	EndGlobalSection
EndGlobal
