
Microsoft Visual Studio Solution File, Format Version 12.00
# Visual Studio Version 17
VisualStudioVersion = 17.7.34003.232
MinimumVisualStudioVersion = 10.0.40219.1
Project("{E53339B2-1760-4266-BCC7-CA923CBCF16C}") = "docker-compose", "docker-compose.dcproj", "{D0CEDF5C-AFED-45F0-898E-925F26C0FF6A}"
EndProject
Project("{2150E333-8FDC-42A3-9474-1A3956D46DE8}") = "Services", "Services", "{3458C444-18DC-48E7-8223-24728E16759C}"
EndProject
Project("{2150E333-8FDC-42A3-9474-1A3956D46DE8}") = "SolutionCore.API", "SolutionCore.API", "{F7EEEF7A-6DFA-43F7-BE07-179075B217D4}"
EndProject
Project("{2150E333-8FDC-42A3-9474-1A3956D46DE8}") = "src", "src", "{54AF4D62-A42B-4286-814D-9B7B8EC5B77A}"
EndProject
Project("{2150E333-8FDC-42A3-9474-1A3956D46DE8}") = "API", "API", "{5C53BDF8-C045-4AD6-A85D-56E070273152}"
EndProject
Project("{2150E333-8FDC-42A3-9474-1A3956D46DE8}") = "Application", "Application", "{7A67FEC8-0788-4538-BACC-54D05586D7DC}"
EndProject
Project("{2150E333-8FDC-42A3-9474-1A3956D46DE8}") = "Infraestructura", "Infraestructura", "{73E9F08F-126F-4118-A1BC-A43D0C337B5C}"
EndProject
Project("{2150E333-8FDC-42A3-9474-1A3956D46DE8}") = "Identity.API", "Identity.API", "{E46975FF-8137-4CCB-B0A8-58F8B5987FD5}"
EndProject
Project("{2150E333-8FDC-42A3-9474-1A3956D46DE8}") = "src", "src", "{97362E31-9A9D-4C2E-A337-84665CFA40D6}"
EndProject
Project("{2150E333-8FDC-42A3-9474-1A3956D46DE8}") = "API", "API", "{8A52621B-6C7A-478F-9303-4AC3264AEE0A}"
EndProject
Project("{2150E333-8FDC-42A3-9474-1A3956D46DE8}") = "Transversal", "Transversal", "{FA84D919-50EF-4F9A-A760-DFBCD6899DE1}"
EndProject
Project("{2150E333-8FDC-42A3-9474-1A3956D46DE8}") = "Infraestructura", "Infraestructura", "{8F60C4A4-247C-485B-BD18-FD459BB5631A}"
EndProject
Project("{2150E333-8FDC-42A3-9474-1A3956D46DE8}") = "Data", "Data", "{4846CF19-11DA-4BB0-8907-01C73CF08B60}"
EndProject
Project("{9A19103F-16F7-4668-BE54-9A1E7A4F7556}") = "Infraestructura.Data", "Infraestructura\Infraestructura.Data\Infraestructura.Data.csproj", "{6BE4436B-FC27-4D54-A66B-79625B756A11}"
EndProject
Project("{9A19103F-16F7-4668-BE54-9A1E7A4F7556}") = "GateWay.Config", "GateWay.Config\GateWay.Config\GateWay.Config.csproj", "{DEF7FF2C-9D58-436B-B3A6-DAE25741E5FC}"
EndProject
Project("{2150E333-8FDC-42A3-9474-1A3956D46DE8}") = "GateWat.Config", "GateWat.Config", "{C0407B20-2CB1-4C9A-800E-7A3375DBDD54}"
EndProject
Project("{9A19103F-16F7-4668-BE54-9A1E7A4F7556}") = "EventBus.Messages", "Infraestructura\EventBus.Messages\EventBus.Messages.csproj", "{98F99610-0EC6-41A8-A4A3-1C633D33CB90}"
EndProject
Project("{9A19103F-16F7-4668-BE54-9A1E7A4F7556}") = "SolutionCore", "Services\SolutionCore.API\src\API\SolutionCore.csproj", "{FDFBE9C5-4472-4BDF-9A45-B418F1DBD802}"
EndProject
Project("{9A19103F-16F7-4668-BE54-9A1E7A4F7556}") = "SolutionCore.Application", "Services\SolutionCore.API\src\Application\SolutionCore.Application\SolutionCore.Application.csproj", "{5289A07C-66A3-45A1-B608-42DB72FE61C1}"
EndProject
Project("{9A19103F-16F7-4668-BE54-9A1E7A4F7556}") = "SolutionCore.Application.Interface", "Services\SolutionCore.API\src\Application\SolutionCore.Application.Contracts\SolutionCore.Application.Interface.csproj", "{D80BD7F9-3FCE-4181-9778-2759E9A9A2B8}"
EndProject
Project("{9A19103F-16F7-4668-BE54-9A1E7A4F7556}") = "SolutionCore.Application.DTO", "Services\SolutionCore.API\src\Application\SolutionCore.Application.DTO\SolutionCore.Application.DTO.csproj", "{82CD317F-DADF-4744-A31F-EFF60B7F298B}"
EndProject
Project("{9A19103F-16F7-4668-BE54-9A1E7A4F7556}") = "SolutionCore.Api.DataAcces", "Services\SolutionCore.API\src\Infraestructura\SolutionCore.Api.DataAcces\SolutionCore.Api.DataAcces.csproj", "{80BBA314-9C48-4EEB-9F7C-DAFCA72AABE8}"
EndProject
Project("{9A19103F-16F7-4668-BE54-9A1E7A4F7556}") = "SolutionCore.Repositories", "Services\SolutionCore.API\src\Infraestructura\SolutionCore.Repositories\SolutionCore.Repositories.csproj", "{699DEF8C-A734-4A3C-AF2C-6484759C4A03}"
EndProject
Project("{9A19103F-16F7-4668-BE54-9A1E7A4F7556}") = "Transversal.Common", "Services\SolutionCore.API\src\Transversal.Common\Transversal.Common.csproj", "{64C3A336-A62D-4B27-9B6D-3C61A21E3B44}"
EndProject
Project("{9A19103F-16F7-4668-BE54-9A1E7A4F7556}") = "Transversal.Mapper", "Services\SolutionCore.API\src\Transversal.Mapper\Transversal.Mapper\Transversal.Mapper.csproj", "{50C7CFA5-F8AD-4D1C-B1EC-584701B130C4}"
EndProject
Project("{9A19103F-16F7-4668-BE54-9A1E7A4F7556}") = "YtMovieApis", "Services\Identity.API\src\API\YtMovieApis.csproj", "{0B816993-34D0-418F-97F4-4F116AE9EF27}"
EndProject
Project("{FAE04EC0-301F-11D3-BF4B-00C04F79EFBC}") = "SolutionCore.InfraestructureEvenBus", "Services\SolutionCore.API\src\Infraestructura\SolutionCore.InfraestructureEvenBus\SolutionCore.InfraestructureEvenBus.csproj", "{FB72E28B-5FAC-43BB-879B-1F571F36A122}"
EndProject
Global
	GlobalSection(SolutionConfigurationPlatforms) = preSolution
		Debug|Any CPU = Debug|Any CPU
		Debug|ARM = Debug|ARM
		Debug|ARM64 = Debug|ARM64
		Debug|x64 = Debug|x64
		Debug|x86 = Debug|x86
		Release|Any CPU = Release|Any CPU
		Release|ARM = Release|ARM
		Release|ARM64 = Release|ARM64
		Release|x64 = Release|x64
		Release|x86 = Release|x86
	EndGlobalSection
	GlobalSection(ProjectConfigurationPlatforms) = postSolution
		{D0CEDF5C-AFED-45F0-898E-925F26C0FF6A}.Debug|Any CPU.ActiveCfg = Debug|Any CPU
		{D0CEDF5C-AFED-45F0-898E-925F26C0FF6A}.Debug|Any CPU.Build.0 = Debug|Any CPU
		{D0CEDF5C-AFED-45F0-898E-925F26C0FF6A}.Debug|ARM.ActiveCfg = Debug|Any CPU
		{D0CEDF5C-AFED-45F0-898E-925F26C0FF6A}.Debug|ARM.Build.0 = Debug|Any CPU
		{D0CEDF5C-AFED-45F0-898E-925F26C0FF6A}.Debug|ARM64.ActiveCfg = Debug|Any CPU
		{D0CEDF5C-AFED-45F0-898E-925F26C0FF6A}.Debug|ARM64.Build.0 = Debug|Any CPU
		{D0CEDF5C-AFED-45F0-898E-925F26C0FF6A}.Debug|x64.ActiveCfg = Debug|Any CPU
		{D0CEDF5C-AFED-45F0-898E-925F26C0FF6A}.Debug|x64.Build.0 = Debug|Any CPU
		{D0CEDF5C-AFED-45F0-898E-925F26C0FF6A}.Debug|x86.ActiveCfg = Debug|Any CPU
		{D0CEDF5C-AFED-45F0-898E-925F26C0FF6A}.Debug|x86.Build.0 = Debug|Any CPU
		{D0CEDF5C-AFED-45F0-898E-925F26C0FF6A}.Release|Any CPU.ActiveCfg = Release|Any CPU
		{D0CEDF5C-AFED-45F0-898E-925F26C0FF6A}.Release|Any CPU.Build.0 = Release|Any CPU
		{D0CEDF5C-AFED-45F0-898E-925F26C0FF6A}.Release|ARM.ActiveCfg = Release|Any CPU
		{D0CEDF5C-AFED-45F0-898E-925F26C0FF6A}.Release|ARM.Build.0 = Release|Any CPU
		{D0CEDF5C-AFED-45F0-898E-925F26C0FF6A}.Release|ARM64.ActiveCfg = Release|Any CPU
		{D0CEDF5C-AFED-45F0-898E-925F26C0FF6A}.Release|ARM64.Build.0 = Release|Any CPU
		{D0CEDF5C-AFED-45F0-898E-925F26C0FF6A}.Release|x64.ActiveCfg = Release|Any CPU
		{D0CEDF5C-AFED-45F0-898E-925F26C0FF6A}.Release|x64.Build.0 = Release|Any CPU
		{D0CEDF5C-AFED-45F0-898E-925F26C0FF6A}.Release|x86.ActiveCfg = Release|Any CPU
		{D0CEDF5C-AFED-45F0-898E-925F26C0FF6A}.Release|x86.Build.0 = Release|Any CPU
		{6BE4436B-FC27-4D54-A66B-79625B756A11}.Debug|Any CPU.ActiveCfg = Debug|Any CPU
		{6BE4436B-FC27-4D54-A66B-79625B756A11}.Debug|Any CPU.Build.0 = Debug|Any CPU
		{6BE4436B-FC27-4D54-A66B-79625B756A11}.Debug|ARM.ActiveCfg = Debug|Any CPU
		{6BE4436B-FC27-4D54-A66B-79625B756A11}.Debug|ARM.Build.0 = Debug|Any CPU
		{6BE4436B-FC27-4D54-A66B-79625B756A11}.Debug|ARM64.ActiveCfg = Debug|Any CPU
		{6BE4436B-FC27-4D54-A66B-79625B756A11}.Debug|ARM64.Build.0 = Debug|Any CPU
		{6BE4436B-FC27-4D54-A66B-79625B756A11}.Debug|x64.ActiveCfg = Debug|Any CPU
		{6BE4436B-FC27-4D54-A66B-79625B756A11}.Debug|x64.Build.0 = Debug|Any CPU
		{6BE4436B-FC27-4D54-A66B-79625B756A11}.Debug|x86.ActiveCfg = Debug|Any CPU
		{6BE4436B-FC27-4D54-A66B-79625B756A11}.Debug|x86.Build.0 = Debug|Any CPU
		{6BE4436B-FC27-4D54-A66B-79625B756A11}.Release|Any CPU.ActiveCfg = Release|Any CPU
		{6BE4436B-FC27-4D54-A66B-79625B756A11}.Release|Any CPU.Build.0 = Release|Any CPU
		{6BE4436B-FC27-4D54-A66B-79625B756A11}.Release|ARM.ActiveCfg = Release|Any CPU
		{6BE4436B-FC27-4D54-A66B-79625B756A11}.Release|ARM.Build.0 = Release|Any CPU
		{6BE4436B-FC27-4D54-A66B-79625B756A11}.Release|ARM64.ActiveCfg = Release|Any CPU
		{6BE4436B-FC27-4D54-A66B-79625B756A11}.Release|ARM64.Build.0 = Release|Any CPU
		{6BE4436B-FC27-4D54-A66B-79625B756A11}.Release|x64.ActiveCfg = Release|Any CPU
		{6BE4436B-FC27-4D54-A66B-79625B756A11}.Release|x64.Build.0 = Release|Any CPU
		{6BE4436B-FC27-4D54-A66B-79625B756A11}.Release|x86.ActiveCfg = Release|Any CPU
		{6BE4436B-FC27-4D54-A66B-79625B756A11}.Release|x86.Build.0 = Release|Any CPU
		{DEF7FF2C-9D58-436B-B3A6-DAE25741E5FC}.Debug|Any CPU.ActiveCfg = Debug|Any CPU
		{DEF7FF2C-9D58-436B-B3A6-DAE25741E5FC}.Debug|Any CPU.Build.0 = Debug|Any CPU
		{DEF7FF2C-9D58-436B-B3A6-DAE25741E5FC}.Debug|ARM.ActiveCfg = Debug|Any CPU
		{DEF7FF2C-9D58-436B-B3A6-DAE25741E5FC}.Debug|ARM.Build.0 = Debug|Any CPU
		{DEF7FF2C-9D58-436B-B3A6-DAE25741E5FC}.Debug|ARM64.ActiveCfg = Debug|Any CPU
		{DEF7FF2C-9D58-436B-B3A6-DAE25741E5FC}.Debug|ARM64.Build.0 = Debug|Any CPU
		{DEF7FF2C-9D58-436B-B3A6-DAE25741E5FC}.Debug|x64.ActiveCfg = Debug|Any CPU
		{DEF7FF2C-9D58-436B-B3A6-DAE25741E5FC}.Debug|x64.Build.0 = Debug|Any CPU
		{DEF7FF2C-9D58-436B-B3A6-DAE25741E5FC}.Debug|x86.ActiveCfg = Debug|Any CPU
		{DEF7FF2C-9D58-436B-B3A6-DAE25741E5FC}.Debug|x86.Build.0 = Debug|Any CPU
		{DEF7FF2C-9D58-436B-B3A6-DAE25741E5FC}.Release|Any CPU.ActiveCfg = Release|Any CPU
		{DEF7FF2C-9D58-436B-B3A6-DAE25741E5FC}.Release|Any CPU.Build.0 = Release|Any CPU
		{DEF7FF2C-9D58-436B-B3A6-DAE25741E5FC}.Release|ARM.ActiveCfg = Release|Any CPU
		{DEF7FF2C-9D58-436B-B3A6-DAE25741E5FC}.Release|ARM.Build.0 = Release|Any CPU
		{DEF7FF2C-9D58-436B-B3A6-DAE25741E5FC}.Release|ARM64.ActiveCfg = Release|Any CPU
		{DEF7FF2C-9D58-436B-B3A6-DAE25741E5FC}.Release|ARM64.Build.0 = Release|Any CPU
		{DEF7FF2C-9D58-436B-B3A6-DAE25741E5FC}.Release|x64.ActiveCfg = Release|Any CPU
		{DEF7FF2C-9D58-436B-B3A6-DAE25741E5FC}.Release|x64.Build.0 = Release|Any CPU
		{DEF7FF2C-9D58-436B-B3A6-DAE25741E5FC}.Release|x86.ActiveCfg = Release|Any CPU
		{DEF7FF2C-9D58-436B-B3A6-DAE25741E5FC}.Release|x86.Build.0 = Release|Any CPU
		{98F99610-0EC6-41A8-A4A3-1C633D33CB90}.Debug|Any CPU.ActiveCfg = Debug|Any CPU
		{98F99610-0EC6-41A8-A4A3-1C633D33CB90}.Debug|Any CPU.Build.0 = Debug|Any CPU
		{98F99610-0EC6-41A8-A4A3-1C633D33CB90}.Debug|ARM.ActiveCfg = Debug|Any CPU
		{98F99610-0EC6-41A8-A4A3-1C633D33CB90}.Debug|ARM.Build.0 = Debug|Any CPU
		{98F99610-0EC6-41A8-A4A3-1C633D33CB90}.Debug|ARM64.ActiveCfg = Debug|Any CPU
		{98F99610-0EC6-41A8-A4A3-1C633D33CB90}.Debug|ARM64.Build.0 = Debug|Any CPU
		{98F99610-0EC6-41A8-A4A3-1C633D33CB90}.Debug|x64.ActiveCfg = Debug|Any CPU
		{98F99610-0EC6-41A8-A4A3-1C633D33CB90}.Debug|x64.Build.0 = Debug|Any CPU
		{98F99610-0EC6-41A8-A4A3-1C633D33CB90}.Debug|x86.ActiveCfg = Debug|Any CPU
		{98F99610-0EC6-41A8-A4A3-1C633D33CB90}.Debug|x86.Build.0 = Debug|Any CPU
		{98F99610-0EC6-41A8-A4A3-1C633D33CB90}.Release|Any CPU.ActiveCfg = Release|Any CPU
		{98F99610-0EC6-41A8-A4A3-1C633D33CB90}.Release|Any CPU.Build.0 = Release|Any CPU
		{98F99610-0EC6-41A8-A4A3-1C633D33CB90}.Release|ARM.ActiveCfg = Release|Any CPU
		{98F99610-0EC6-41A8-A4A3-1C633D33CB90}.Release|ARM.Build.0 = Release|Any CPU
		{98F99610-0EC6-41A8-A4A3-1C633D33CB90}.Release|ARM64.ActiveCfg = Release|Any CPU
		{98F99610-0EC6-41A8-A4A3-1C633D33CB90}.Release|ARM64.Build.0 = Release|Any CPU
		{98F99610-0EC6-41A8-A4A3-1C633D33CB90}.Release|x64.ActiveCfg = Release|Any CPU
		{98F99610-0EC6-41A8-A4A3-1C633D33CB90}.Release|x64.Build.0 = Release|Any CPU
		{98F99610-0EC6-41A8-A4A3-1C633D33CB90}.Release|x86.ActiveCfg = Release|Any CPU
		{98F99610-0EC6-41A8-A4A3-1C633D33CB90}.Release|x86.Build.0 = Release|Any CPU
		{FDFBE9C5-4472-4BDF-9A45-B418F1DBD802}.Debug|Any CPU.ActiveCfg = Debug|Any CPU
		{FDFBE9C5-4472-4BDF-9A45-B418F1DBD802}.Debug|Any CPU.Build.0 = Debug|Any CPU
		{FDFBE9C5-4472-4BDF-9A45-B418F1DBD802}.Debug|ARM.ActiveCfg = Debug|Any CPU
		{FDFBE9C5-4472-4BDF-9A45-B418F1DBD802}.Debug|ARM.Build.0 = Debug|Any CPU
		{FDFBE9C5-4472-4BDF-9A45-B418F1DBD802}.Debug|ARM64.ActiveCfg = Debug|Any CPU
		{FDFBE9C5-4472-4BDF-9A45-B418F1DBD802}.Debug|ARM64.Build.0 = Debug|Any CPU
		{FDFBE9C5-4472-4BDF-9A45-B418F1DBD802}.Debug|x64.ActiveCfg = Debug|Any CPU
		{FDFBE9C5-4472-4BDF-9A45-B418F1DBD802}.Debug|x64.Build.0 = Debug|Any CPU
		{FDFBE9C5-4472-4BDF-9A45-B418F1DBD802}.Debug|x86.ActiveCfg = Debug|Any CPU
		{FDFBE9C5-4472-4BDF-9A45-B418F1DBD802}.Debug|x86.Build.0 = Debug|Any CPU
		{FDFBE9C5-4472-4BDF-9A45-B418F1DBD802}.Release|Any CPU.ActiveCfg = Release|Any CPU
		{FDFBE9C5-4472-4BDF-9A45-B418F1DBD802}.Release|Any CPU.Build.0 = Release|Any CPU
		{FDFBE9C5-4472-4BDF-9A45-B418F1DBD802}.Release|ARM.ActiveCfg = Release|Any CPU
		{FDFBE9C5-4472-4BDF-9A45-B418F1DBD802}.Release|ARM.Build.0 = Release|Any CPU
		{FDFBE9C5-4472-4BDF-9A45-B418F1DBD802}.Release|ARM64.ActiveCfg = Release|Any CPU
		{FDFBE9C5-4472-4BDF-9A45-B418F1DBD802}.Release|ARM64.Build.0 = Release|Any CPU
		{FDFBE9C5-4472-4BDF-9A45-B418F1DBD802}.Release|x64.ActiveCfg = Release|Any CPU
		{FDFBE9C5-4472-4BDF-9A45-B418F1DBD802}.Release|x64.Build.0 = Release|Any CPU
		{FDFBE9C5-4472-4BDF-9A45-B418F1DBD802}.Release|x86.ActiveCfg = Release|Any CPU
		{FDFBE9C5-4472-4BDF-9A45-B418F1DBD802}.Release|x86.Build.0 = Release|Any CPU
		{5289A07C-66A3-45A1-B608-42DB72FE61C1}.Debug|Any CPU.ActiveCfg = Debug|Any CPU
		{5289A07C-66A3-45A1-B608-42DB72FE61C1}.Debug|Any CPU.Build.0 = Debug|Any CPU
		{5289A07C-66A3-45A1-B608-42DB72FE61C1}.Debug|ARM.ActiveCfg = Debug|Any CPU
		{5289A07C-66A3-45A1-B608-42DB72FE61C1}.Debug|ARM.Build.0 = Debug|Any CPU
		{5289A07C-66A3-45A1-B608-42DB72FE61C1}.Debug|ARM64.ActiveCfg = Debug|Any CPU
		{5289A07C-66A3-45A1-B608-42DB72FE61C1}.Debug|ARM64.Build.0 = Debug|Any CPU
		{5289A07C-66A3-45A1-B608-42DB72FE61C1}.Debug|x64.ActiveCfg = Debug|Any CPU
		{5289A07C-66A3-45A1-B608-42DB72FE61C1}.Debug|x64.Build.0 = Debug|Any CPU
		{5289A07C-66A3-45A1-B608-42DB72FE61C1}.Debug|x86.ActiveCfg = Debug|Any CPU
		{5289A07C-66A3-45A1-B608-42DB72FE61C1}.Debug|x86.Build.0 = Debug|Any CPU
		{5289A07C-66A3-45A1-B608-42DB72FE61C1}.Release|Any CPU.ActiveCfg = Release|Any CPU
		{5289A07C-66A3-45A1-B608-42DB72FE61C1}.Release|Any CPU.Build.0 = Release|Any CPU
		{5289A07C-66A3-45A1-B608-42DB72FE61C1}.Release|ARM.ActiveCfg = Release|Any CPU
		{5289A07C-66A3-45A1-B608-42DB72FE61C1}.Release|ARM.Build.0 = Release|Any CPU
		{5289A07C-66A3-45A1-B608-42DB72FE61C1}.Release|ARM64.ActiveCfg = Release|Any CPU
		{5289A07C-66A3-45A1-B608-42DB72FE61C1}.Release|ARM64.Build.0 = Release|Any CPU
		{5289A07C-66A3-45A1-B608-42DB72FE61C1}.Release|x64.ActiveCfg = Release|Any CPU
		{5289A07C-66A3-45A1-B608-42DB72FE61C1}.Release|x64.Build.0 = Release|Any CPU
		{5289A07C-66A3-45A1-B608-42DB72FE61C1}.Release|x86.ActiveCfg = Release|Any CPU
		{5289A07C-66A3-45A1-B608-42DB72FE61C1}.Release|x86.Build.0 = Release|Any CPU
		{D80BD7F9-3FCE-4181-9778-2759E9A9A2B8}.Debug|Any CPU.ActiveCfg = Debug|Any CPU
		{D80BD7F9-3FCE-4181-9778-2759E9A9A2B8}.Debug|Any CPU.Build.0 = Debug|Any CPU
		{D80BD7F9-3FCE-4181-9778-2759E9A9A2B8}.Debug|ARM.ActiveCfg = Debug|Any CPU
		{D80BD7F9-3FCE-4181-9778-2759E9A9A2B8}.Debug|ARM.Build.0 = Debug|Any CPU
		{D80BD7F9-3FCE-4181-9778-2759E9A9A2B8}.Debug|ARM64.ActiveCfg = Debug|Any CPU
		{D80BD7F9-3FCE-4181-9778-2759E9A9A2B8}.Debug|ARM64.Build.0 = Debug|Any CPU
		{D80BD7F9-3FCE-4181-9778-2759E9A9A2B8}.Debug|x64.ActiveCfg = Debug|Any CPU
		{D80BD7F9-3FCE-4181-9778-2759E9A9A2B8}.Debug|x64.Build.0 = Debug|Any CPU
		{D80BD7F9-3FCE-4181-9778-2759E9A9A2B8}.Debug|x86.ActiveCfg = Debug|Any CPU
		{D80BD7F9-3FCE-4181-9778-2759E9A9A2B8}.Debug|x86.Build.0 = Debug|Any CPU
		{D80BD7F9-3FCE-4181-9778-2759E9A9A2B8}.Release|Any CPU.ActiveCfg = Release|Any CPU
		{D80BD7F9-3FCE-4181-9778-2759E9A9A2B8}.Release|Any CPU.Build.0 = Release|Any CPU
		{D80BD7F9-3FCE-4181-9778-2759E9A9A2B8}.Release|ARM.ActiveCfg = Release|Any CPU
		{D80BD7F9-3FCE-4181-9778-2759E9A9A2B8}.Release|ARM.Build.0 = Release|Any CPU
		{D80BD7F9-3FCE-4181-9778-2759E9A9A2B8}.Release|ARM64.ActiveCfg = Release|Any CPU
		{D80BD7F9-3FCE-4181-9778-2759E9A9A2B8}.Release|ARM64.Build.0 = Release|Any CPU
		{D80BD7F9-3FCE-4181-9778-2759E9A9A2B8}.Release|x64.ActiveCfg = Release|Any CPU
		{D80BD7F9-3FCE-4181-9778-2759E9A9A2B8}.Release|x64.Build.0 = Release|Any CPU
		{D80BD7F9-3FCE-4181-9778-2759E9A9A2B8}.Release|x86.ActiveCfg = Release|Any CPU
		{D80BD7F9-3FCE-4181-9778-2759E9A9A2B8}.Release|x86.Build.0 = Release|Any CPU
		{82CD317F-DADF-4744-A31F-EFF60B7F298B}.Debug|Any CPU.ActiveCfg = Debug|Any CPU
		{82CD317F-DADF-4744-A31F-EFF60B7F298B}.Debug|Any CPU.Build.0 = Debug|Any CPU
		{82CD317F-DADF-4744-A31F-EFF60B7F298B}.Debug|ARM.ActiveCfg = Debug|Any CPU
		{82CD317F-DADF-4744-A31F-EFF60B7F298B}.Debug|ARM.Build.0 = Debug|Any CPU
		{82CD317F-DADF-4744-A31F-EFF60B7F298B}.Debug|ARM64.ActiveCfg = Debug|Any CPU
		{82CD317F-DADF-4744-A31F-EFF60B7F298B}.Debug|ARM64.Build.0 = Debug|Any CPU
		{82CD317F-DADF-4744-A31F-EFF60B7F298B}.Debug|x64.ActiveCfg = Debug|Any CPU
		{82CD317F-DADF-4744-A31F-EFF60B7F298B}.Debug|x64.Build.0 = Debug|Any CPU
		{82CD317F-DADF-4744-A31F-EFF60B7F298B}.Debug|x86.ActiveCfg = Debug|Any CPU
		{82CD317F-DADF-4744-A31F-EFF60B7F298B}.Debug|x86.Build.0 = Debug|Any CPU
		{82CD317F-DADF-4744-A31F-EFF60B7F298B}.Release|Any CPU.ActiveCfg = Release|Any CPU
		{82CD317F-DADF-4744-A31F-EFF60B7F298B}.Release|Any CPU.Build.0 = Release|Any CPU
		{82CD317F-DADF-4744-A31F-EFF60B7F298B}.Release|ARM.ActiveCfg = Release|Any CPU
		{82CD317F-DADF-4744-A31F-EFF60B7F298B}.Release|ARM.Build.0 = Release|Any CPU
		{82CD317F-DADF-4744-A31F-EFF60B7F298B}.Release|ARM64.ActiveCfg = Release|Any CPU
		{82CD317F-DADF-4744-A31F-EFF60B7F298B}.Release|ARM64.Build.0 = Release|Any CPU
		{82CD317F-DADF-4744-A31F-EFF60B7F298B}.Release|x64.ActiveCfg = Release|Any CPU
		{82CD317F-DADF-4744-A31F-EFF60B7F298B}.Release|x64.Build.0 = Release|Any CPU
		{82CD317F-DADF-4744-A31F-EFF60B7F298B}.Release|x86.ActiveCfg = Release|Any CPU
		{82CD317F-DADF-4744-A31F-EFF60B7F298B}.Release|x86.Build.0 = Release|Any CPU
		{80BBA314-9C48-4EEB-9F7C-DAFCA72AABE8}.Debug|Any CPU.ActiveCfg = Debug|Any CPU
		{80BBA314-9C48-4EEB-9F7C-DAFCA72AABE8}.Debug|Any CPU.Build.0 = Debug|Any CPU
		{80BBA314-9C48-4EEB-9F7C-DAFCA72AABE8}.Debug|ARM.ActiveCfg = Debug|Any CPU
		{80BBA314-9C48-4EEB-9F7C-DAFCA72AABE8}.Debug|ARM.Build.0 = Debug|Any CPU
		{80BBA314-9C48-4EEB-9F7C-DAFCA72AABE8}.Debug|ARM64.ActiveCfg = Debug|Any CPU
		{80BBA314-9C48-4EEB-9F7C-DAFCA72AABE8}.Debug|ARM64.Build.0 = Debug|Any CPU
		{80BBA314-9C48-4EEB-9F7C-DAFCA72AABE8}.Debug|x64.ActiveCfg = Debug|Any CPU
		{80BBA314-9C48-4EEB-9F7C-DAFCA72AABE8}.Debug|x64.Build.0 = Debug|Any CPU
		{80BBA314-9C48-4EEB-9F7C-DAFCA72AABE8}.Debug|x86.ActiveCfg = Debug|Any CPU
		{80BBA314-9C48-4EEB-9F7C-DAFCA72AABE8}.Debug|x86.Build.0 = Debug|Any CPU
		{80BBA314-9C48-4EEB-9F7C-DAFCA72AABE8}.Release|Any CPU.ActiveCfg = Release|Any CPU
		{80BBA314-9C48-4EEB-9F7C-DAFCA72AABE8}.Release|Any CPU.Build.0 = Release|Any CPU
		{80BBA314-9C48-4EEB-9F7C-DAFCA72AABE8}.Release|ARM.ActiveCfg = Release|Any CPU
		{80BBA314-9C48-4EEB-9F7C-DAFCA72AABE8}.Release|ARM.Build.0 = Release|Any CPU
		{80BBA314-9C48-4EEB-9F7C-DAFCA72AABE8}.Release|ARM64.ActiveCfg = Release|Any CPU
		{80BBA314-9C48-4EEB-9F7C-DAFCA72AABE8}.Release|ARM64.Build.0 = Release|Any CPU
		{80BBA314-9C48-4EEB-9F7C-DAFCA72AABE8}.Release|x64.ActiveCfg = Release|Any CPU
		{80BBA314-9C48-4EEB-9F7C-DAFCA72AABE8}.Release|x64.Build.0 = Release|Any CPU
		{80BBA314-9C48-4EEB-9F7C-DAFCA72AABE8}.Release|x86.ActiveCfg = Release|Any CPU
		{80BBA314-9C48-4EEB-9F7C-DAFCA72AABE8}.Release|x86.Build.0 = Release|Any CPU
		{699DEF8C-A734-4A3C-AF2C-6484759C4A03}.Debug|Any CPU.ActiveCfg = Debug|Any CPU
		{699DEF8C-A734-4A3C-AF2C-6484759C4A03}.Debug|Any CPU.Build.0 = Debug|Any CPU
		{699DEF8C-A734-4A3C-AF2C-6484759C4A03}.Debug|ARM.ActiveCfg = Debug|Any CPU
		{699DEF8C-A734-4A3C-AF2C-6484759C4A03}.Debug|ARM.Build.0 = Debug|Any CPU
		{699DEF8C-A734-4A3C-AF2C-6484759C4A03}.Debug|ARM64.ActiveCfg = Debug|Any CPU
		{699DEF8C-A734-4A3C-AF2C-6484759C4A03}.Debug|ARM64.Build.0 = Debug|Any CPU
		{699DEF8C-A734-4A3C-AF2C-6484759C4A03}.Debug|x64.ActiveCfg = Debug|Any CPU
		{699DEF8C-A734-4A3C-AF2C-6484759C4A03}.Debug|x64.Build.0 = Debug|Any CPU
		{699DEF8C-A734-4A3C-AF2C-6484759C4A03}.Debug|x86.ActiveCfg = Debug|Any CPU
		{699DEF8C-A734-4A3C-AF2C-6484759C4A03}.Debug|x86.Build.0 = Debug|Any CPU
		{699DEF8C-A734-4A3C-AF2C-6484759C4A03}.Release|Any CPU.ActiveCfg = Release|Any CPU
		{699DEF8C-A734-4A3C-AF2C-6484759C4A03}.Release|Any CPU.Build.0 = Release|Any CPU
		{699DEF8C-A734-4A3C-AF2C-6484759C4A03}.Release|ARM.ActiveCfg = Release|Any CPU
		{699DEF8C-A734-4A3C-AF2C-6484759C4A03}.Release|ARM.Build.0 = Release|Any CPU
		{699DEF8C-A734-4A3C-AF2C-6484759C4A03}.Release|ARM64.ActiveCfg = Release|Any CPU
		{699DEF8C-A734-4A3C-AF2C-6484759C4A03}.Release|ARM64.Build.0 = Release|Any CPU
		{699DEF8C-A734-4A3C-AF2C-6484759C4A03}.Release|x64.ActiveCfg = Release|Any CPU
		{699DEF8C-A734-4A3C-AF2C-6484759C4A03}.Release|x64.Build.0 = Release|Any CPU
		{699DEF8C-A734-4A3C-AF2C-6484759C4A03}.Release|x86.ActiveCfg = Release|Any CPU
		{699DEF8C-A734-4A3C-AF2C-6484759C4A03}.Release|x86.Build.0 = Release|Any CPU
		{64C3A336-A62D-4B27-9B6D-3C61A21E3B44}.Debug|Any CPU.ActiveCfg = Debug|Any CPU
		{64C3A336-A62D-4B27-9B6D-3C61A21E3B44}.Debug|Any CPU.Build.0 = Debug|Any CPU
		{64C3A336-A62D-4B27-9B6D-3C61A21E3B44}.Debug|ARM.ActiveCfg = Debug|Any CPU
		{64C3A336-A62D-4B27-9B6D-3C61A21E3B44}.Debug|ARM.Build.0 = Debug|Any CPU
		{64C3A336-A62D-4B27-9B6D-3C61A21E3B44}.Debug|ARM64.ActiveCfg = Debug|Any CPU
		{64C3A336-A62D-4B27-9B6D-3C61A21E3B44}.Debug|ARM64.Build.0 = Debug|Any CPU
		{64C3A336-A62D-4B27-9B6D-3C61A21E3B44}.Debug|x64.ActiveCfg = Debug|Any CPU
		{64C3A336-A62D-4B27-9B6D-3C61A21E3B44}.Debug|x64.Build.0 = Debug|Any CPU
		{64C3A336-A62D-4B27-9B6D-3C61A21E3B44}.Debug|x86.ActiveCfg = Debug|Any CPU
		{64C3A336-A62D-4B27-9B6D-3C61A21E3B44}.Debug|x86.Build.0 = Debug|Any CPU
		{64C3A336-A62D-4B27-9B6D-3C61A21E3B44}.Release|Any CPU.ActiveCfg = Release|Any CPU
		{64C3A336-A62D-4B27-9B6D-3C61A21E3B44}.Release|Any CPU.Build.0 = Release|Any CPU
		{64C3A336-A62D-4B27-9B6D-3C61A21E3B44}.Release|ARM.ActiveCfg = Release|Any CPU
		{64C3A336-A62D-4B27-9B6D-3C61A21E3B44}.Release|ARM.Build.0 = Release|Any CPU
		{64C3A336-A62D-4B27-9B6D-3C61A21E3B44}.Release|ARM64.ActiveCfg = Release|Any CPU
		{64C3A336-A62D-4B27-9B6D-3C61A21E3B44}.Release|ARM64.Build.0 = Release|Any CPU
		{64C3A336-A62D-4B27-9B6D-3C61A21E3B44}.Release|x64.ActiveCfg = Release|Any CPU
		{64C3A336-A62D-4B27-9B6D-3C61A21E3B44}.Release|x64.Build.0 = Release|Any CPU
		{64C3A336-A62D-4B27-9B6D-3C61A21E3B44}.Release|x86.ActiveCfg = Release|Any CPU
		{64C3A336-A62D-4B27-9B6D-3C61A21E3B44}.Release|x86.Build.0 = Release|Any CPU
		{50C7CFA5-F8AD-4D1C-B1EC-584701B130C4}.Debug|Any CPU.ActiveCfg = Debug|Any CPU
		{50C7CFA5-F8AD-4D1C-B1EC-584701B130C4}.Debug|Any CPU.Build.0 = Debug|Any CPU
		{50C7CFA5-F8AD-4D1C-B1EC-584701B130C4}.Debug|ARM.ActiveCfg = Debug|Any CPU
		{50C7CFA5-F8AD-4D1C-B1EC-584701B130C4}.Debug|ARM.Build.0 = Debug|Any CPU
		{50C7CFA5-F8AD-4D1C-B1EC-584701B130C4}.Debug|ARM64.ActiveCfg = Debug|Any CPU
		{50C7CFA5-F8AD-4D1C-B1EC-584701B130C4}.Debug|ARM64.Build.0 = Debug|Any CPU
		{50C7CFA5-F8AD-4D1C-B1EC-584701B130C4}.Debug|x64.ActiveCfg = Debug|Any CPU
		{50C7CFA5-F8AD-4D1C-B1EC-584701B130C4}.Debug|x64.Build.0 = Debug|Any CPU
		{50C7CFA5-F8AD-4D1C-B1EC-584701B130C4}.Debug|x86.ActiveCfg = Debug|Any CPU
		{50C7CFA5-F8AD-4D1C-B1EC-584701B130C4}.Debug|x86.Build.0 = Debug|Any CPU
		{50C7CFA5-F8AD-4D1C-B1EC-584701B130C4}.Release|Any CPU.ActiveCfg = Release|Any CPU
		{50C7CFA5-F8AD-4D1C-B1EC-584701B130C4}.Release|Any CPU.Build.0 = Release|Any CPU
		{50C7CFA5-F8AD-4D1C-B1EC-584701B130C4}.Release|ARM.ActiveCfg = Release|Any CPU
		{50C7CFA5-F8AD-4D1C-B1EC-584701B130C4}.Release|ARM.Build.0 = Release|Any CPU
		{50C7CFA5-F8AD-4D1C-B1EC-584701B130C4}.Release|ARM64.ActiveCfg = Release|Any CPU
		{50C7CFA5-F8AD-4D1C-B1EC-584701B130C4}.Release|ARM64.Build.0 = Release|Any CPU
		{50C7CFA5-F8AD-4D1C-B1EC-584701B130C4}.Release|x64.ActiveCfg = Release|Any CPU
		{50C7CFA5-F8AD-4D1C-B1EC-584701B130C4}.Release|x64.Build.0 = Release|Any CPU
		{50C7CFA5-F8AD-4D1C-B1EC-584701B130C4}.Release|x86.ActiveCfg = Release|Any CPU
		{50C7CFA5-F8AD-4D1C-B1EC-584701B130C4}.Release|x86.Build.0 = Release|Any CPU
		{0B816993-34D0-418F-97F4-4F116AE9EF27}.Debug|Any CPU.ActiveCfg = Debug|Any CPU
		{0B816993-34D0-418F-97F4-4F116AE9EF27}.Debug|Any CPU.Build.0 = Debug|Any CPU
		{0B816993-34D0-418F-97F4-4F116AE9EF27}.Debug|ARM.ActiveCfg = Debug|Any CPU
		{0B816993-34D0-418F-97F4-4F116AE9EF27}.Debug|ARM.Build.0 = Debug|Any CPU
		{0B816993-34D0-418F-97F4-4F116AE9EF27}.Debug|ARM64.ActiveCfg = Debug|Any CPU
		{0B816993-34D0-418F-97F4-4F116AE9EF27}.Debug|ARM64.Build.0 = Debug|Any CPU
		{0B816993-34D0-418F-97F4-4F116AE9EF27}.Debug|x64.ActiveCfg = Debug|Any CPU
		{0B816993-34D0-418F-97F4-4F116AE9EF27}.Debug|x64.Build.0 = Debug|Any CPU
		{0B816993-34D0-418F-97F4-4F116AE9EF27}.Debug|x86.ActiveCfg = Debug|Any CPU
		{0B816993-34D0-418F-97F4-4F116AE9EF27}.Debug|x86.Build.0 = Debug|Any CPU
		{0B816993-34D0-418F-97F4-4F116AE9EF27}.Release|Any CPU.ActiveCfg = Release|Any CPU
		{0B816993-34D0-418F-97F4-4F116AE9EF27}.Release|Any CPU.Build.0 = Release|Any CPU
		{0B816993-34D0-418F-97F4-4F116AE9EF27}.Release|ARM.ActiveCfg = Release|Any CPU
		{0B816993-34D0-418F-97F4-4F116AE9EF27}.Release|ARM.Build.0 = Release|Any CPU
		{0B816993-34D0-418F-97F4-4F116AE9EF27}.Release|ARM64.ActiveCfg = Release|Any CPU
		{0B816993-34D0-418F-97F4-4F116AE9EF27}.Release|ARM64.Build.0 = Release|Any CPU
		{0B816993-34D0-418F-97F4-4F116AE9EF27}.Release|x64.ActiveCfg = Release|Any CPU
		{0B816993-34D0-418F-97F4-4F116AE9EF27}.Release|x64.Build.0 = Release|Any CPU
		{0B816993-34D0-418F-97F4-4F116AE9EF27}.Release|x86.ActiveCfg = Release|Any CPU
		{0B816993-34D0-418F-97F4-4F116AE9EF27}.Release|x86.Build.0 = Release|Any CPU
		{FB72E28B-5FAC-43BB-879B-1F571F36A122}.Debug|Any CPU.ActiveCfg = Debug|Any CPU
		{FB72E28B-5FAC-43BB-879B-1F571F36A122}.Debug|Any CPU.Build.0 = Debug|Any CPU
		{FB72E28B-5FAC-43BB-879B-1F571F36A122}.Debug|ARM.ActiveCfg = Debug|Any CPU
		{FB72E28B-5FAC-43BB-879B-1F571F36A122}.Debug|ARM.Build.0 = Debug|Any CPU
		{FB72E28B-5FAC-43BB-879B-1F571F36A122}.Debug|ARM64.ActiveCfg = Debug|Any CPU
		{FB72E28B-5FAC-43BB-879B-1F571F36A122}.Debug|ARM64.Build.0 = Debug|Any CPU
		{FB72E28B-5FAC-43BB-879B-1F571F36A122}.Debug|x64.ActiveCfg = Debug|Any CPU
		{FB72E28B-5FAC-43BB-879B-1F571F36A122}.Debug|x64.Build.0 = Debug|Any CPU
		{FB72E28B-5FAC-43BB-879B-1F571F36A122}.Debug|x86.ActiveCfg = Debug|Any CPU
		{FB72E28B-5FAC-43BB-879B-1F571F36A122}.Debug|x86.Build.0 = Debug|Any CPU
		{FB72E28B-5FAC-43BB-879B-1F571F36A122}.Release|Any CPU.ActiveCfg = Release|Any CPU
		{FB72E28B-5FAC-43BB-879B-1F571F36A122}.Release|Any CPU.Build.0 = Release|Any CPU
		{FB72E28B-5FAC-43BB-879B-1F571F36A122}.Release|ARM.ActiveCfg = Release|Any CPU
		{FB72E28B-5FAC-43BB-879B-1F571F36A122}.Release|ARM.Build.0 = Release|Any CPU
		{FB72E28B-5FAC-43BB-879B-1F571F36A122}.Release|ARM64.ActiveCfg = Release|Any CPU
		{FB72E28B-5FAC-43BB-879B-1F571F36A122}.Release|ARM64.Build.0 = Release|Any CPU
		{FB72E28B-5FAC-43BB-879B-1F571F36A122}.Release|x64.ActiveCfg = Release|Any CPU
		{FB72E28B-5FAC-43BB-879B-1F571F36A122}.Release|x64.Build.0 = Release|Any CPU
		{FB72E28B-5FAC-43BB-879B-1F571F36A122}.Release|x86.ActiveCfg = Release|Any CPU
		{FB72E28B-5FAC-43BB-879B-1F571F36A122}.Release|x86.Build.0 = Release|Any CPU
	EndGlobalSection
	GlobalSection(SolutionProperties) = preSolution
		HideSolutionNode = FALSE
	EndGlobalSection
	GlobalSection(NestedProjects) = preSolution
		{F7EEEF7A-6DFA-43F7-BE07-179075B217D4} = {3458C444-18DC-48E7-8223-24728E16759C}
		{54AF4D62-A42B-4286-814D-9B7B8EC5B77A} = {F7EEEF7A-6DFA-43F7-BE07-179075B217D4}
		{5C53BDF8-C045-4AD6-A85D-56E070273152} = {54AF4D62-A42B-4286-814D-9B7B8EC5B77A}
		{7A67FEC8-0788-4538-BACC-54D05586D7DC} = {54AF4D62-A42B-4286-814D-9B7B8EC5B77A}
		{73E9F08F-126F-4118-A1BC-A43D0C337B5C} = {54AF4D62-A42B-4286-814D-9B7B8EC5B77A}
		{E46975FF-8137-4CCB-B0A8-58F8B5987FD5} = {3458C444-18DC-48E7-8223-24728E16759C}
		{97362E31-9A9D-4C2E-A337-84665CFA40D6} = {E46975FF-8137-4CCB-B0A8-58F8B5987FD5}
		{8A52621B-6C7A-478F-9303-4AC3264AEE0A} = {97362E31-9A9D-4C2E-A337-84665CFA40D6}
		{FA84D919-50EF-4F9A-A760-DFBCD6899DE1} = {54AF4D62-A42B-4286-814D-9B7B8EC5B77A}
		{4846CF19-11DA-4BB0-8907-01C73CF08B60} = {8F60C4A4-247C-485B-BD18-FD459BB5631A}
		{6BE4436B-FC27-4D54-A66B-79625B756A11} = {4846CF19-11DA-4BB0-8907-01C73CF08B60}
		{DEF7FF2C-9D58-436B-B3A6-DAE25741E5FC} = {C0407B20-2CB1-4C9A-800E-7A3375DBDD54}
		{98F99610-0EC6-41A8-A4A3-1C633D33CB90} = {8F60C4A4-247C-485B-BD18-FD459BB5631A}
		{FDFBE9C5-4472-4BDF-9A45-B418F1DBD802} = {5C53BDF8-C045-4AD6-A85D-56E070273152}
		{5289A07C-66A3-45A1-B608-42DB72FE61C1} = {7A67FEC8-0788-4538-BACC-54D05586D7DC}
		{D80BD7F9-3FCE-4181-9778-2759E9A9A2B8} = {7A67FEC8-0788-4538-BACC-54D05586D7DC}
		{82CD317F-DADF-4744-A31F-EFF60B7F298B} = {7A67FEC8-0788-4538-BACC-54D05586D7DC}
		{80BBA314-9C48-4EEB-9F7C-DAFCA72AABE8} = {73E9F08F-126F-4118-A1BC-A43D0C337B5C}
		{699DEF8C-A734-4A3C-AF2C-6484759C4A03} = {73E9F08F-126F-4118-A1BC-A43D0C337B5C}
		{64C3A336-A62D-4B27-9B6D-3C61A21E3B44} = {FA84D919-50EF-4F9A-A760-DFBCD6899DE1}
		{50C7CFA5-F8AD-4D1C-B1EC-584701B130C4} = {FA84D919-50EF-4F9A-A760-DFBCD6899DE1}
		{0B816993-34D0-418F-97F4-4F116AE9EF27} = {8A52621B-6C7A-478F-9303-4AC3264AEE0A}
		{FB72E28B-5FAC-43BB-879B-1F571F36A122} = {73E9F08F-126F-4118-A1BC-A43D0C337B5C}
	EndGlobalSection
	GlobalSection(ExtensibilityGlobals) = postSolution
		SolutionGuid = {AD5F27CD-9275-4962-9261-ACEDAA4FB166}
	EndGlobalSection
EndGlobal
