
Microsoft Visual Studio Solution File, Format Version 12.00
# Visual Studio Version 17
VisualStudioVersion = 17.9.34622.214
MinimumVisualStudioVersion = 10.0.40219.1
Project("{FAE04EC0-301F-11D3-BF4B-00C04F79EFBC}") = "GateWay.Config", "GateWay.Config\GateWay.Config.csproj", "{B628E828-E328-4788-8497-592223098AD7}"
EndProject
Global
	GlobalSection(SolutionConfigurationPlatforms) = preSolution
		Debug|Any CPU = Debug|Any CPU
		Release|Any CPU = Release|Any CPU
	EndGlobalSection
	GlobalSection(ProjectConfigurationPlatforms) = postSolution
		{B628E828-E328-4788-8497-592223098AD7}.Debug|Any CPU.ActiveCfg = Debug|Any CPU
		{B628E828-E328-4788-8497-592223098AD7}.Debug|Any CPU.Build.0 = Debug|Any CPU
		{B628E828-E328-4788-8497-592223098AD7}.Release|Any CPU.ActiveCfg = Release|Any CPU
		{B628E828-E328-4788-8497-592223098AD7}.Release|Any CPU.Build.0 = Release|Any CPU
	EndGlobalSection
	GlobalSection(SolutionProperties) = preSolution
		HideSolutionNode = FALSE
	EndGlobalSection
	GlobalSection(ExtensibilityGlobals) = postSolution
		SolutionGuid = {9653001D-64ED-4EFE-BAE1-1BABA55AC280}
	EndGlobalSection
EndGlobal
